// !$*UTF8*$!
{
	archiveVersion = 1;
	classes = {
	};
	objectVersion = 46;
	objects = {

/* Begin PBXBuildFile section */
		1B0CEEC31C9BD77D00A04280 /* AppDelegate.swift in Sources */ = {isa = PBXBuildFile; fileRef = 1B0CEEC21C9BD77D00A04280 /* AppDelegate.swift */; };
		1B0CEEC51C9BD77D00A04280 /* ViewController.swift in Sources */ = {isa = PBXBuildFile; fileRef = 1B0CEEC41C9BD77D00A04280 /* ViewController.swift */; };
		1B0CEEC81C9BD77D00A04280 /* Main.storyboard in Resources */ = {isa = PBXBuildFile; fileRef = 1B0CEEC61C9BD77D00A04280 /* Main.storyboard */; };
		1B0CEECA1C9BD77D00A04280 /* Assets.xcassets in Resources */ = {isa = PBXBuildFile; fileRef = 1B0CEEC91C9BD77D00A04280 /* Assets.xcassets */; };
		1B0CEECD1C9BD77D00A04280 /* LaunchScreen.storyboard in Resources */ = {isa = PBXBuildFile; fileRef = 1B0CEECB1C9BD77D00A04280 /* LaunchScreen.storyboard */; };
		1B0CEED51C9C175D00A04280 /* pokemon.csv in Resources */ = {isa = PBXBuildFile; fileRef = 1B0CEED41C9C175D00A04280 /* pokemon.csv */; };
		1B0CEED81C9C1D8A00A04280 /* Pokeman.swift in Sources */ = {isa = PBXBuildFile; fileRef = 1B0CEED71C9C1D8A00A04280 /* Pokeman.swift */; };
/* End PBXBuildFile section */

/* Begin PBXFileReference section */
		1B0CEEBF1C9BD77D00A04280 /* pokeman-pokedex.app */ = {isa = PBXFileReference; explicitFileType = wrapper.application; includeInIndex = 0; path = "pokeman-pokedex.app"; sourceTree = BUILT_PRODUCTS_DIR; };
		1B0CEEC21C9BD77D00A04280 /* AppDelegate.swift */ = {isa = PBXFileReference; lastKnownFileType = sourcecode.swift; path = AppDelegate.swift; sourceTree = "<group>"; };
		1B0CEEC41C9BD77D00A04280 /* ViewController.swift */ = {isa = PBXFileReference; lastKnownFileType = sourcecode.swift; path = ViewController.swift; sourceTree = "<group>"; };
		1B0CEEC71C9BD77D00A04280 /* Base */ = {isa = PBXFileReference; lastKnownFileType = file.storyboard; name = Base; path = Base.lproj/Main.storyboard; sourceTree = "<group>"; };
		1B0CEEC91C9BD77D00A04280 /* Assets.xcassets */ = {isa = PBXFileReference; lastKnownFileType = folder.assetcatalog; path = Assets.xcassets; sourceTree = "<group>"; };
		1B0CEECC1C9BD77D00A04280 /* Base */ = {isa = PBXFileReference; lastKnownFileType = file.storyboard; name = Base; path = Base.lproj/LaunchScreen.storyboard; sourceTree = "<group>"; };
		1B0CEECE1C9BD77D00A04280 /* Info.plist */ = {isa = PBXFileReference; lastKnownFileType = text.plist.xml; path = Info.plist; sourceTree = "<group>"; };
		1B0CEED41C9C175D00A04280 /* pokemon.csv */ = {isa = PBXFileReference; fileEncoding = 4; lastKnownFileType = text; path = pokemon.csv; sourceTree = "<group>"; };
		1B0CEED71C9C1D8A00A04280 /* Pokeman.swift */ = {isa = PBXFileReference; fileEncoding = 4; lastKnownFileType = sourcecode.swift; path = Pokeman.swift; sourceTree = "<group>"; };
/* End PBXFileReference section */

/* Begin PBXFrameworksBuildPhase section */
		1B0CEEBC1C9BD77D00A04280 /* Frameworks */ = {
			isa = PBXFrameworksBuildPhase;
			buildActionMask = 2147483647;
			files = (
			);
			runOnlyForDeploymentPostprocessing = 0;
		};
/* End PBXFrameworksBuildPhase section */

/* Begin PBXGroup section */
		1B0CEEB61C9BD77D00A04280 = {
			isa = PBXGroup;
			children = (
				1B0CEEC11C9BD77D00A04280 /* pokeman-pokedex */,
				1B0CEEC01C9BD77D00A04280 /* Products */,
			);
			sourceTree = "<group>";
		};
		1B0CEEC01C9BD77D00A04280 /* Products */ = {
			isa = PBXGroup;
			children = (
				1B0CEEBF1C9BD77D00A04280 /* pokeman-pokedex.app */,
			);
			name = Products;
			sourceTree = "<group>";
		};
		1B0CEEC11C9BD77D00A04280 /* pokeman-pokedex */ = {
			isa = PBXGroup;
			children = (
				1B0CEED61C9C1D2400A04280 /* Model */,
				1B0CEEC21C9BD77D00A04280 /* AppDelegate.swift */,
				1B0CEEC41C9BD77D00A04280 /* ViewController.swift */,
				1B0CEED41C9C175D00A04280 /* pokemon.csv */,
				1B0CEEC61C9BD77D00A04280 /* Main.storyboard */,
				1B0CEEC91C9BD77D00A04280 /* Assets.xcassets */,
				1B0CEECB1C9BD77D00A04280 /* LaunchScreen.storyboard */,
				1B0CEECE1C9BD77D00A04280 /* Info.plist */,
			);
			path = "pokeman-pokedex";
			sourceTree = "<group>";
		};
		1B0CEED61C9C1D2400A04280 /* Model */ = {
			isa = PBXGroup;
			children = (
				1B0CEED71C9C1D8A00A04280 /* Pokeman.swift */,
			);
			name = Model;
			sourceTree = "<group>";
		};
/* End PBXGroup section */

/* Begin PBXNativeTarget section */
		1B0CEEBE1C9BD77D00A04280 /* pokeman-pokedex */ = {
			isa = PBXNativeTarget;
			buildConfigurationList = 1B0CEED11C9BD77D00A04280 /* Build configuration list for PBXNativeTarget "pokeman-pokedex" */;
			buildPhases = (
				1B0CEEBB1C9BD77D00A04280 /* Sources */,
				1B0CEEBC1C9BD77D00A04280 /* Frameworks */,
				1B0CEEBD1C9BD77D00A04280 /* Resources */,
			);
			buildRules = (
			);
			dependencies = (
			);
			name = "pokeman-pokedex";
			productName = "pokeman-pokedex";
			productReference = 1B0CEEBF1C9BD77D00A04280 /* pokeman-pokedex.app */;
			productType = "com.apple.product-type.application";
		};
/* End PBXNativeTarget section */

/* Begin PBXProject section */
		1B0CEEB71C9BD77D00A04280 /* Project object */ = {
			isa = PBXProject;
			attributes = {
				LastSwiftUpdateCheck = 0720;
				LastUpgradeCheck = 0720;
				ORGANIZATIONNAME = "twisted echo";
				TargetAttributes = {
					1B0CEEBE1C9BD77D00A04280 = {
						CreatedOnToolsVersion = 7.2.1;
					};
				};
			};
			buildConfigurationList = 1B0CEEBA1C9BD77D00A04280 /* Build configuration list for PBXProject "pokeman-pokedex" */;
			compatibilityVersion = "Xcode 3.2";
			developmentRegion = English;
			hasScannedForEncodings = 0;
			knownRegions = (
				en,
				Base,
			);
			mainGroup = 1B0CEEB61C9BD77D00A04280;
			productRefGroup = 1B0CEEC01C9BD77D00A04280 /* Products */;
			projectDirPath = "";
			projectRoot = "";
			targets = (
				1B0CEEBE1C9BD77D00A04280 /* pokeman-pokedex */,
			);
		};
/* End PBXProject section */

/* Begin PBXResourcesBuildPhase section */
		1B0CEEBD1C9BD77D00A04280 /* Resources */ = {
			isa = PBXResourcesBuildPhase;
			buildActionMask = 2147483647;
			files = (
				1B0CEECD1C9BD77D00A04280 /* LaunchScreen.storyboard in Resources */,
				1B0CEECA1C9BD77D00A04280 /* Assets.xcassets in Resources */,
				1B0CEED51C9C175D00A04280 /* pokemon.csv in Resources */,
				1B0CEEC81C9BD77D00A04280 /* Main.storyboard in Resources */,
			);
			runOnlyForDeploymentPostprocessing = 0;
		};
/* End PBXResourcesBuildPhase section */

/* Begin PBXSourcesBuildPhase section */
		1B0CEEBB1C9BD77D00A04280 /* Sources */ = {
			isa = PBXSourcesBuildPhase;
			buildActionMask = 2147483647;
			files = (
				1B0CEED81C9C1D8A00A04280 /* Pokeman.swift in Sources */,
				1B0CEEC51C9BD77D00A04280 /* ViewController.swift in Sources */,
				1B0CEEC31C9BD77D00A04280 /* AppDelegate.swift in Sources */,
			);
			runOnlyForDeploymentPostprocessing = 0;
		};
/* End PBXSourcesBuildPhase section */

/* Begin PBXVariantGroup section */
		1B0CEEC61C9BD77D00A04280 /* Main.storyboard */ = {
			isa = PBXVariantGroup;
			children = (
				1B0CEEC71C9BD77D00A04280 /* Base */,
			);
			name = Main.storyboard;
			sourceTree = "<group>";
		};
		1B0CEECB1C9BD77D00A04280 /* LaunchScreen.storyboard */ = {
			isa = PBXVariantGroup;
			children = (
				1B0CEECC1C9BD77D00A04280 /* Base */,
			);
			name = LaunchScreen.storyboard;
			sourceTree = "<group>";
		};
/* End PBXVariantGroup section */

/* Begin XCBuildConfiguration section */
		1B0CEECF1C9BD77D00A04280 /* Debug */ = {
			isa = XCBuildConfiguration;
			buildSettings = {
				ALWAYS_SEARCH_USER_PATHS = NO;
				CLANG_CXX_LANGUAGE_STANDARD = "gnu++0x";
				CLANG_CXX_LIBRARY = "libc++";
				CLANG_ENABLE_MODULES = YES;
				CLANG_ENABLE_OBJC_ARC = YES;
				CLANG_WARN_BOOL_CONVERSION = YES;
				CLANG_WARN_CONSTANT_CONVERSION = YES;
				CLANG_WARN_DIRECT_OBJC_ISA_USAGE = YES_ERROR;
				CLANG_WARN_EMPTY_BODY = YES;
				CLANG_WARN_ENUM_CONVERSION = YES;
				CLANG_WARN_INT_CONVERSION = YES;
				CLANG_WARN_OBJC_ROOT_CLASS = YES_ERROR;
				CLANG_WARN_UNREACHABLE_CODE = YES;
				CLANG_WARN__DUPLICATE_METHOD_MATCH = YES;
				"CODE_SIGN_IDENTITY[sdk=iphoneos*]" = "iPhone Developer";
				COPY_PHASE_STRIP = NO;
				DEBUG_INFORMATION_FORMAT = dwarf;
				ENABLE_STRICT_OBJC_MSGSEND = YES;
				ENABLE_TESTABILITY = YES;
				GCC_C_LANGUAGE_STANDARD = gnu99;
				GCC_DYNAMIC_NO_PIC = NO;
				GCC_NO_COMMON_BLOCKS = YES;
				GCC_OPTIMIZATION_LEVEL = 0;
				GCC_PREPROCESSOR_DEFINITIONS = (
					"DEBUG=1",
					"$(inherited)",
				);
				GCC_WARN_64_TO_32_BIT_CONVERSION = YES;
				GCC_WARN_ABOUT_RETURN_TYPE = YES_ERROR;
				GCC_WARN_UNDECLARED_SELECTOR = YES;
				GCC_WARN_UNINITIALIZED_AUTOS = YES_AGGRESSIVE;
				GCC_WARN_UNUSED_FUNCTION = YES;
				GCC_WARN_UNUSED_VARIABLE = YES;
				IPHONEOS_DEPLOYMENT_TARGET = 9.2;
				MTL_ENABLE_DEBUG_INFO = YES;
				ONLY_ACTIVE_ARCH = YES;
				SDKROOT = iphoneos;
				SWIFT_OPTIMIZATION_LEVEL = "-Onone";
			};
			name = Debug;
		};
		1B0CEED01C9BD77D00A04280 /* Release */ = {
			isa = XCBuildConfiguration;
			buildSettings = {
				ALWAYS_SEARCH_USER_PATHS = NO;
				CLANG_CXX_LANGUAGE_STANDARD = "gnu++0x";
				CLANG_CXX_LIBRARY = "libc++";
				CLANG_ENABLE_MODULES = YES;
				CLANG_ENABLE_OBJC_ARC = YES;
				CLANG_WARN_BOOL_CONVERSION = YES;
				CLANG_WARN_CONSTANT_CONVERSION = YES;
				CLANG_WARN_DIRECT_OBJC_ISA_USAGE = YES_ERROR;
				CLANG_WARN_EMPTY_BODY = YES;
				CLANG_WARN_ENUM_CONVERSION = YES;
				CLANG_WARN_INT_CONVERSION = YES;
				CLANG_WARN_OBJC_ROOT_CLASS = YES_ERROR;
				CLANG_WARN_UNREACHABLE_CODE = YES;
				CLANG_WARN__DUPLICATE_METHOD_MATCH = YES;
				"CODE_SIGN_IDENTITY[sdk=iphoneos*]" = "iPhone Developer";
				COPY_PHASE_STRIP = NO;
				DEBUG_INFORMATION_FORMAT = "dwarf-with-dsym";
				ENABLE_NS_ASSERTIONS = NO;
				ENABLE_STRICT_OBJC_MSGSEND = YES;
				GCC_C_LANGUAGE_STANDARD = gnu99;
				GCC_NO_COMMON_BLOCKS = YES;
				GCC_WARN_64_TO_32_BIT_CONVERSION = YES;
				GCC_WARN_ABOUT_RETURN_TYPE = YES_ERROR;
				GCC_WARN_UNDECLARED_SELECTOR = YES;
				GCC_WARN_UNINITIALIZED_AUTOS = YES_AGGRESSIVE;
				GCC_WARN_UNUSED_FUNCTION = YES;
				GCC_WARN_UNUSED_VARIABLE = YES;
				IPHONEOS_DEPLOYMENT_TARGET = 9.2;
				MTL_ENABLE_DEBUG_INFO = NO;
				SDKROOT = iphoneos;
				VALIDATE_PRODUCT = YES;
			};
			name = Release;
		};
		1B0CEED21C9BD77D00A04280 /* Debug */ = {
			isa = XCBuildConfiguration;
			buildSettings = {
				ASSETCATALOG_COMPILER_APPICON_NAME = AppIcon;
				INFOPLIST_FILE = "pokeman-pokedex/Info.plist";
				LD_RUNPATH_SEARCH_PATHS = "$(inherited) @executable_path/Frameworks";
				PRODUCT_BUNDLE_IDENTIFIER = "com.twisted.pokeman-pokedex";
				PRODUCT_NAME = "$(TARGET_NAME)";
			};
			name = Debug;
		};
		1B0CEED31C9BD77D00A04280 /* Release */ = {
			isa = XCBuildConfiguration;
			buildSettings = {
				ASSETCATALOG_COMPILER_APPICON_NAME = AppIcon;
				INFOPLIST_FILE = "pokeman-pokedex/Info.plist";
				LD_RUNPATH_SEARCH_PATHS = "$(inherited) @executable_path/Frameworks";
				PRODUCT_BUNDLE_IDENTIFIER = "com.twisted.pokeman-pokedex";
				PRODUCT_NAME = "$(TARGET_NAME)";
			};
			name = Release;
		};
/* End XCBuildConfiguration section */

/* Begin XCConfigurationList section */
		1B0CEEBA1C9BD77D00A04280 /* Build configuration list for PBXProject "pokeman-pokedex" */ = {
			isa = XCConfigurationList;
			buildConfigurations = (
				1B0CEECF1C9BD77D00A04280 /* Debug */,
				1B0CEED01C9BD77D00A04280 /* Release */,
			);
			defaultConfigurationIsVisible = 0;
			defaultConfigurationName = Release;
		};
		1B0CEED11C9BD77D00A04280 /* Build configuration list for PBXNativeTarget "pokeman-pokedex" */ = {
			isa = XCConfigurationList;
			buildConfigurations = (
				1B0CEED21C9BD77D00A04280 /* Debug */,
				1B0CEED31C9BD77D00A04280 /* Release */,
			);
			defaultConfigurationIsVisible = 0;
		};
/* End XCConfigurationList section */
	};
	rootObject = 1B0CEEB71C9BD77D00A04280 /* Project object */;
}
